
Microsoft Visual Studio Solution File, Format Version 12.00
# Visual Studio Version 16
VisualStudioVersion = 16.0.31112.23
MinimumVisualStudioVersion = 10.0.40219.1
Project("{9A19103F-16F7-4668-BE54-9A1E7A4F7556}") = "ControleFinanceiro.API", "ControleFinanceiro.API\ControleFinanceiro.API.csproj", "{90E4A7C3-BB7A-46F6-8C9A-D4BD3F2E2603}"
EndProject
Project("{FAE04EC0-301F-11D3-BF4B-00C04F79EFBC}") = "ControleFinanceiro.BLL", "..\ControleFinanceiro.BLL\ControleFinanceiro.BLL.csproj", "{0290D57E-A93F-4D9F-8D9A-31CAF9AE9728}"
EndProject
Project("{FAE04EC0-301F-11D3-BF4B-00C04F79EFBC}") = "ControleFinanceiro.DAL", "..\ControleFinanceiro.DAL\ControleFinanceiro.DAL.csproj", "{2967FC3D-0362-48CC-9686-B553861F2EB8}"
EndProject
Global
	GlobalSection(SolutionConfigurationPlatforms) = preSolution
		Debug|Any CPU = Debug|Any CPU
		Release|Any CPU = Release|Any CPU
	EndGlobalSection
	GlobalSection(ProjectConfigurationPlatforms) = postSolution
		{90E4A7C3-BB7A-46F6-8C9A-D4BD3F2E2603}.Debug|Any CPU.ActiveCfg = Debug|Any CPU
		{90E4A7C3-BB7A-46F6-8C9A-D4BD3F2E2603}.Debug|Any CPU.Build.0 = Debug|Any CPU
		{90E4A7C3-BB7A-46F6-8C9A-D4BD3F2E2603}.Release|Any CPU.ActiveCfg = Release|Any CPU
		{90E4A7C3-BB7A-46F6-8C9A-D4BD3F2E2603}.Release|Any CPU.Build.0 = Release|Any CPU
		{0290D57E-A93F-4D9F-8D9A-31CAF9AE9728}.Debug|Any CPU.ActiveCfg = Debug|Any CPU
		{0290D57E-A93F-4D9F-8D9A-31CAF9AE9728}.Debug|Any CPU.Build.0 = Debug|Any CPU
		{0290D57E-A93F-4D9F-8D9A-31CAF9AE9728}.Release|Any CPU.ActiveCfg = Release|Any CPU
		{0290D57E-A93F-4D9F-8D9A-31CAF9AE9728}.Release|Any CPU.Build.0 = Release|Any CPU
		{2967FC3D-0362-48CC-9686-B553861F2EB8}.Debug|Any CPU.ActiveCfg = Debug|Any CPU
		{2967FC3D-0362-48CC-9686-B553861F2EB8}.Debug|Any CPU.Build.0 = Debug|Any CPU
		{2967FC3D-0362-48CC-9686-B553861F2EB8}.Release|Any CPU.ActiveCfg = Release|Any CPU
		{2967FC3D-0362-48CC-9686-B553861F2EB8}.Release|Any CPU.Build.0 = Release|Any CPU
	EndGlobalSection
	GlobalSection(SolutionProperties) = preSolution
		HideSolutionNode = FALSE
	EndGlobalSection
	GlobalSection(ExtensibilityGlobals) = postSolution
		SolutionGuid = {C3857350-92E0-4A7B-8448-10B735DCBC7C}
	EndGlobalSection
EndGlobal
